// !$*UTF8*$!
{
	archiveVersion = 1;
	classes = {
	};
	objectVersion = 56;
	objects = {

/* Begin PBXBuildFile section */
		3D8283362C2407920097626F /* MaterialViewGLBB_V.swift in Sources */ = {isa = PBXBuildFile; fileRef = 3D8283352C2407920097626F /* MaterialViewGLBB_V.swift */; };
		3D82833F2C24776D0097626F /* KERETA.json in Resources */ = {isa = PBXBuildFile; fileRef = 3D82833E2C24776D0097626F /* KERETA.json */; };
		3D8283412C247B250097626F /* MOBIL.json in Resources */ = {isa = PBXBuildFile; fileRef = 3D8283402C247B250097626F /* MOBIL.json */; };
		3D8283452C252B3E0097626F /* KERETABERPINDAH.json in Resources */ = {isa = PBXBuildFile; fileRef = 3D8283442C252B3E0097626F /* KERETABERPINDAH.json */; };
		3D8283472C2872C60097626F /* MapView.swift in Sources */ = {isa = PBXBuildFile; fileRef = 3D8283462C2872C60097626F /* MapView.swift */; };
		3DB7973C2C2D83BB00E4B043 /* BossTransition.swift in Sources */ = {isa = PBXBuildFile; fileRef = 3DB7973B2C2D83BB00E4B043 /* BossTransition.swift */; };
		3DB7973E2C2D848200E4B043 /* FinalBossView.swift in Sources */ = {isa = PBXBuildFile; fileRef = 3DB7973D2C2D848200E4B043 /* FinalBossView.swift */; };
		3DF8A9E12C2BBB54009D7BE9 /* ExerciseViewGLB.swift in Sources */ = {isa = PBXBuildFile; fileRef = 3DF8A9E02C2BBB54009D7BE9 /* ExerciseViewGLB.swift */; };
		3DF8A9E52C2BBBBB009D7BE9 /* StrokeModifier.swift in Sources */ = {isa = PBXBuildFile; fileRef = 3DF8A9E42C2BBBBB009D7BE9 /* StrokeModifier.swift */; };
		3DF8A9E72C2BBE50009D7BE9 /* ExerciseViewGLBB_H.swift in Sources */ = {isa = PBXBuildFile; fileRef = 3DF8A9E62C2BBE50009D7BE9 /* ExerciseViewGLBB_H.swift */; };
		3DF8A9E92C2BBE89009D7BE9 /* kapal.json in Resources */ = {isa = PBXBuildFile; fileRef = 3DF8A9E82C2BBE89009D7BE9 /* kapal.json */; };
		3DF8A9EB2C2BCD41009D7BE9 /* ExerciseViewGLBB_V.swift in Sources */ = {isa = PBXBuildFile; fileRef = 3DF8A9EA2C2BCD41009D7BE9 /* ExerciseViewGLBB_V.swift */; };
		6A04A0042C32F424005EB231 /* SpriteKitView.swift in Sources */ = {isa = PBXBuildFile; fileRef = 6A04A0032C32F424005EB231 /* SpriteKitView.swift */; };
		6A2069B82C22A2930081FBCF /* AppDelegate.swift in Sources */ = {isa = PBXBuildFile; fileRef = 6A2069B72C22A2930081FBCF /* AppDelegate.swift */; };
		6A2069BA2C22A2930081FBCF /* GameScene.sks in Resources */ = {isa = PBXBuildFile; fileRef = 6A2069B92C22A2930081FBCF /* GameScene.sks */; };
		6A2069BC2C22A2930081FBCF /* Actions.sks in Resources */ = {isa = PBXBuildFile; fileRef = 6A2069BB2C22A2930081FBCF /* Actions.sks */; };
		6A2069BE2C22A2930081FBCF /* GameScene.swift in Sources */ = {isa = PBXBuildFile; fileRef = 6A2069BD2C22A2930081FBCF /* GameScene.swift */; };
		6A2069C02C22A2930081FBCF /* GameViewController.swift in Sources */ = {isa = PBXBuildFile; fileRef = 6A2069BF2C22A2930081FBCF /* GameViewController.swift */; };
		6A2069C32C22A2930081FBCF /* Base in Resources */ = {isa = PBXBuildFile; fileRef = 6A2069C22C22A2930081FBCF /* Base */; };
		6A2069C52C22A2940081FBCF /* Assets.xcassets in Resources */ = {isa = PBXBuildFile; fileRef = 6A2069C42C22A2940081FBCF /* Assets.xcassets */; };
		6A2069C82C22A2940081FBCF /* Base in Resources */ = {isa = PBXBuildFile; fileRef = 6A2069C72C22A2940081FBCF /* Base */; };
		6A25713A2C32E93B009019D3 /* PlaygroundConstantVelocity.swift in Sources */ = {isa = PBXBuildFile; fileRef = 6A2571382C32E93B009019D3 /* PlaygroundConstantVelocity.swift */; };
		6A25713B2C32E93B009019D3 /* PlaygroundConstantVelocity.sks in Resources */ = {isa = PBXBuildFile; fileRef = 6A2571392C32E93B009019D3 /* PlaygroundConstantVelocity.sks */; };
		6A2571402C32EA1A009019D3 /* PlaygroundHorizontalConstantAcceleration.sks in Resources */ = {isa = PBXBuildFile; fileRef = 6A25713E2C32EA19009019D3 /* PlaygroundHorizontalConstantAcceleration.sks */; };
		6A2571412C32EA1A009019D3 /* PlaygroundHorizontalConstantAcceleration.swift in Sources */ = {isa = PBXBuildFile; fileRef = 6A25713F2C32EA19009019D3 /* PlaygroundHorizontalConstantAcceleration.swift */; };
		6A9954E32C2920B900B7C865 /* CoconutGameScene.sks in Resources */ = {isa = PBXBuildFile; fileRef = 6A9954E02C2920B900B7C865 /* CoconutGameScene.sks */; };
		6A9954E52C2920B900B7C865 /* CoconutGameScene.swift in Sources */ = {isa = PBXBuildFile; fileRef = 6A9954E22C2920B900B7C865 /* CoconutGameScene.swift */; };
		6AF4A88A2C292EE3006D2000 /* SaveDataService.swift in Sources */ = {isa = PBXBuildFile; fileRef = 6AF4A8892C292EE3006D2000 /* SaveDataService.swift */; };
		BF0A55372C2BB50D00DAD2DC /* Lottie in Frameworks */ = {isa = PBXBuildFile; productRef = BF0A55362C2BB50D00DAD2DC /* Lottie */; };
		BFA2DBB42C2BF8360096262B /* GetItemView.swift in Sources */ = {isa = PBXBuildFile; fileRef = BFA2DBB32C2BF8360096262B /* GetItemView.swift */; };
		BFB25BDE2C23CCF60066D6BE /* MaterialViewGLBB_H.swift in Sources */ = {isa = PBXBuildFile; fileRef = BFB25BDD2C23CCF60066D6BE /* MaterialViewGLBB_H.swift */; };
		BFB25BE02C23CD350066D6BE /* ColorExt.swift in Sources */ = {isa = PBXBuildFile; fileRef = BFB25BDF2C23CD350066D6BE /* ColorExt.swift */; };
		BFEC06152C2A67DD00A9532E /* Database.swift in Sources */ = {isa = PBXBuildFile; fileRef = BFEC06142C2A67DD00A9532E /* Database.swift */; };
		BFEC06172C2A99B700A9532E /* NewProfileView.swift in Sources */ = {isa = PBXBuildFile; fileRef = BFEC06162C2A99B700A9532E /* NewProfileView.swift */; };
		BFEC06192C2AC1DF00A9532E /* JustProfileView.swift in Sources */ = {isa = PBXBuildFile; fileRef = BFEC06182C2AC1DF00A9532E /* JustProfileView.swift */; };
		BFFCEA852C22F06700C1F888 /* LottieView.swift in Sources */ = {isa = PBXBuildFile; fileRef = BFFCEA842C22F06700C1F888 /* LottieView.swift */; };
		BFFCEA872C22F09300C1F888 /* MaterialViewGLB.swift in Sources */ = {isa = PBXBuildFile; fileRef = BFFCEA862C22F09300C1F888 /* MaterialViewGLB.swift */; };
/* End PBXBuildFile section */

/* Begin PBXFileReference section */
		3D8283352C2407920097626F /* MaterialViewGLBB_V.swift */ = {isa = PBXFileReference; lastKnownFileType = sourcecode.swift; path = MaterialViewGLBB_V.swift; sourceTree = "<group>"; };
		3D8283392C245A860097626F /* Info.plist */ = {isa = PBXFileReference; lastKnownFileType = text.plist; path = Info.plist; sourceTree = "<group>"; };
		3D82833E2C24776D0097626F /* KERETA.json */ = {isa = PBXFileReference; fileEncoding = 4; lastKnownFileType = text.json; path = KERETA.json; sourceTree = "<group>"; };
		3D8283402C247B250097626F /* MOBIL.json */ = {isa = PBXFileReference; fileEncoding = 4; lastKnownFileType = text.json; path = MOBIL.json; sourceTree = "<group>"; };
		3D8283442C252B3E0097626F /* KERETABERPINDAH.json */ = {isa = PBXFileReference; fileEncoding = 4; lastKnownFileType = text.json; path = KERETABERPINDAH.json; sourceTree = "<group>"; };
		3D8283462C2872C60097626F /* MapView.swift */ = {isa = PBXFileReference; lastKnownFileType = sourcecode.swift; path = MapView.swift; sourceTree = "<group>"; };
		3DB7973B2C2D83BB00E4B043 /* BossTransition.swift */ = {isa = PBXFileReference; lastKnownFileType = sourcecode.swift; path = BossTransition.swift; sourceTree = "<group>"; };
		3DB7973D2C2D848200E4B043 /* FinalBossView.swift */ = {isa = PBXFileReference; lastKnownFileType = sourcecode.swift; path = FinalBossView.swift; sourceTree = "<group>"; };
		3DF8A9E02C2BBB54009D7BE9 /* ExerciseViewGLB.swift */ = {isa = PBXFileReference; lastKnownFileType = sourcecode.swift; path = ExerciseViewGLB.swift; sourceTree = "<group>"; };
		3DF8A9E42C2BBBBB009D7BE9 /* StrokeModifier.swift */ = {isa = PBXFileReference; lastKnownFileType = sourcecode.swift; path = StrokeModifier.swift; sourceTree = "<group>"; };
		3DF8A9E62C2BBE50009D7BE9 /* ExerciseViewGLBB_H.swift */ = {isa = PBXFileReference; lastKnownFileType = sourcecode.swift; path = ExerciseViewGLBB_H.swift; sourceTree = "<group>"; };
		3DF8A9E82C2BBE89009D7BE9 /* kapal.json */ = {isa = PBXFileReference; fileEncoding = 4; lastKnownFileType = text.json; path = kapal.json; sourceTree = "<group>"; };
		3DF8A9EA2C2BCD41009D7BE9 /* ExerciseViewGLBB_V.swift */ = {isa = PBXFileReference; lastKnownFileType = sourcecode.swift; path = ExerciseViewGLBB_V.swift; sourceTree = "<group>"; };
		6A04A0032C32F424005EB231 /* SpriteKitView.swift */ = {isa = PBXFileReference; fileEncoding = 4; lastKnownFileType = sourcecode.swift; path = SpriteKitView.swift; sourceTree = "<group>"; };
		6A2069B42C22A2930081FBCF /* Inquisitive.app */ = {isa = PBXFileReference; explicitFileType = wrapper.application; includeInIndex = 0; path = Inquisitive.app; sourceTree = BUILT_PRODUCTS_DIR; };
		6A2069B72C22A2930081FBCF /* AppDelegate.swift */ = {isa = PBXFileReference; lastKnownFileType = sourcecode.swift; path = AppDelegate.swift; sourceTree = "<group>"; };
		6A2069B92C22A2930081FBCF /* GameScene.sks */ = {isa = PBXFileReference; lastKnownFileType = file.sks; path = GameScene.sks; sourceTree = "<group>"; };
		6A2069BB2C22A2930081FBCF /* Actions.sks */ = {isa = PBXFileReference; lastKnownFileType = file.sks; path = Actions.sks; sourceTree = "<group>"; };
		6A2069BD2C22A2930081FBCF /* GameScene.swift */ = {isa = PBXFileReference; lastKnownFileType = sourcecode.swift; path = GameScene.swift; sourceTree = "<group>"; };
		6A2069BF2C22A2930081FBCF /* GameViewController.swift */ = {isa = PBXFileReference; lastKnownFileType = sourcecode.swift; path = GameViewController.swift; sourceTree = "<group>"; };
		6A2069C22C22A2930081FBCF /* Base */ = {isa = PBXFileReference; lastKnownFileType = file.storyboard; name = Base; path = Base.lproj/Main.storyboard; sourceTree = "<group>"; };
		6A2069C42C22A2940081FBCF /* Assets.xcassets */ = {isa = PBXFileReference; lastKnownFileType = folder.assetcatalog; path = Assets.xcassets; sourceTree = "<group>"; };
		6A2069C72C22A2940081FBCF /* Base */ = {isa = PBXFileReference; lastKnownFileType = file.storyboard; name = Base; path = Base.lproj/LaunchScreen.storyboard; sourceTree = "<group>"; };
		6A2571382C32E93B009019D3 /* PlaygroundConstantVelocity.swift */ = {isa = PBXFileReference; fileEncoding = 4; lastKnownFileType = sourcecode.swift; path = PlaygroundConstantVelocity.swift; sourceTree = "<group>"; };
		6A2571392C32E93B009019D3 /* PlaygroundConstantVelocity.sks */ = {isa = PBXFileReference; lastKnownFileType = file.sks; path = PlaygroundConstantVelocity.sks; sourceTree = "<group>"; };
		6A25713E2C32EA19009019D3 /* PlaygroundHorizontalConstantAcceleration.sks */ = {isa = PBXFileReference; lastKnownFileType = file.sks; path = PlaygroundHorizontalConstantAcceleration.sks; sourceTree = "<group>"; };
		6A25713F2C32EA19009019D3 /* PlaygroundHorizontalConstantAcceleration.swift */ = {isa = PBXFileReference; fileEncoding = 4; lastKnownFileType = sourcecode.swift; path = PlaygroundHorizontalConstantAcceleration.swift; sourceTree = "<group>"; };
		6A9954E02C2920B900B7C865 /* CoconutGameScene.sks */ = {isa = PBXFileReference; lastKnownFileType = file.sks; path = CoconutGameScene.sks; sourceTree = "<group>"; };
		6A9954E22C2920B900B7C865 /* CoconutGameScene.swift */ = {isa = PBXFileReference; fileEncoding = 4; lastKnownFileType = sourcecode.swift; path = CoconutGameScene.swift; sourceTree = "<group>"; };
		6AF4A8892C292EE3006D2000 /* SaveDataService.swift */ = {isa = PBXFileReference; fileEncoding = 4; lastKnownFileType = sourcecode.swift; path = SaveDataService.swift; sourceTree = "<group>"; };
		BFA2DBB32C2BF8360096262B /* GetItemView.swift */ = {isa = PBXFileReference; lastKnownFileType = sourcecode.swift; path = GetItemView.swift; sourceTree = "<group>"; };
		BFB25BDD2C23CCF60066D6BE /* MaterialViewGLBB_H.swift */ = {isa = PBXFileReference; lastKnownFileType = sourcecode.swift; path = MaterialViewGLBB_H.swift; sourceTree = "<group>"; };
		BFB25BDF2C23CD350066D6BE /* ColorExt.swift */ = {isa = PBXFileReference; lastKnownFileType = sourcecode.swift; path = ColorExt.swift; sourceTree = "<group>"; };
		BFEC06142C2A67DD00A9532E /* Database.swift */ = {isa = PBXFileReference; lastKnownFileType = sourcecode.swift; path = Database.swift; sourceTree = "<group>"; };
		BFEC06162C2A99B700A9532E /* NewProfileView.swift */ = {isa = PBXFileReference; lastKnownFileType = sourcecode.swift; path = NewProfileView.swift; sourceTree = "<group>"; };
		BFEC06182C2AC1DF00A9532E /* JustProfileView.swift */ = {isa = PBXFileReference; lastKnownFileType = sourcecode.swift; path = JustProfileView.swift; sourceTree = "<group>"; };
		BFFCEA842C22F06700C1F888 /* LottieView.swift */ = {isa = PBXFileReference; lastKnownFileType = sourcecode.swift; path = LottieView.swift; sourceTree = "<group>"; };
		BFFCEA862C22F09300C1F888 /* MaterialViewGLB.swift */ = {isa = PBXFileReference; lastKnownFileType = sourcecode.swift; path = MaterialViewGLB.swift; sourceTree = "<group>"; };
/* End PBXFileReference section */

/* Begin PBXFrameworksBuildPhase section */
		6A2069B12C22A2930081FBCF /* Frameworks */ = {
			isa = PBXFrameworksBuildPhase;
			buildActionMask = 2147483647;
			files = (
				BF0A55372C2BB50D00DAD2DC /* Lottie in Frameworks */,
			);
			runOnlyForDeploymentPostprocessing = 0;
		};
/* End PBXFrameworksBuildPhase section */

/* Begin PBXGroup section */
		6A2069AB2C22A2930081FBCF = {
			isa = PBXGroup;
			children = (
				6A2069B62C22A2930081FBCF /* Inquisitive */,
				6A2069B52C22A2930081FBCF /* Products */,
			);
			sourceTree = "<group>";
		};
		6A2069B52C22A2930081FBCF /* Products */ = {
			isa = PBXGroup;
			children = (
				6A2069B42C22A2930081FBCF /* Inquisitive.app */,
			);
			name = Products;
			sourceTree = "<group>";
		};
		6A2069B62C22A2930081FBCF /* Inquisitive */ = {
			isa = PBXGroup;
			children = (
				3D8283392C245A860097626F /* Info.plist */,
				3D82833E2C24776D0097626F /* KERETA.json */,
				3D8283442C252B3E0097626F /* KERETABERPINDAH.json */,
				3D8283402C247B250097626F /* MOBIL.json */,
				3DF8A9E82C2BBE89009D7BE9 /* kapal.json */,
				BFFCEA842C22F06700C1F888 /* LottieView.swift */,
				3D8283462C2872C60097626F /* MapView.swift */,
				BFFCEA862C22F09300C1F888 /* MaterialViewGLB.swift */,
				3DF8A9E02C2BBB54009D7BE9 /* ExerciseViewGLB.swift */,
				BFB25BDD2C23CCF60066D6BE /* MaterialViewGLBB_H.swift */,
				3DF8A9E62C2BBE50009D7BE9 /* ExerciseViewGLBB_H.swift */,
				3D8283352C2407920097626F /* MaterialViewGLBB_V.swift */,
				3DF8A9EA2C2BCD41009D7BE9 /* ExerciseViewGLBB_V.swift */,
				3DB7973B2C2D83BB00E4B043 /* BossTransition.swift */,
				3DB7973D2C2D848200E4B043 /* FinalBossView.swift */,
				3DF8A9E42C2BBBBB009D7BE9 /* StrokeModifier.swift */,
				6AF4A8832C292D67006D2000 /* Playground */,
				BFEC06162C2A99B700A9532E /* NewProfileView.swift */,
				BFEC06182C2AC1DF00A9532E /* JustProfileView.swift */,
				BFA2DBB32C2BF8360096262B /* GetItemView.swift */,
				BFEC06142C2A67DD00A9532E /* Database.swift */,
				BFB25BDF2C23CD350066D6BE /* ColorExt.swift */,
				6A2069B72C22A2930081FBCF /* AppDelegate.swift */,
				6A2069B92C22A2930081FBCF /* GameScene.sks */,
				6A2069BB2C22A2930081FBCF /* Actions.sks */,
				6A2069BD2C22A2930081FBCF /* GameScene.swift */,
				6A2069BF2C22A2930081FBCF /* GameViewController.swift */,
				6A2069C12C22A2930081FBCF /* Main.storyboard */,
				6A2069C42C22A2940081FBCF /* Assets.xcassets */,
				6A2069C62C22A2940081FBCF /* LaunchScreen.storyboard */,
			);
			path = Inquisitive;
			sourceTree = "<group>";
		};
		6A2571422C32EA20009019D3 /* PlaygroundHorizontalConstantAcceleration */ = {
			isa = PBXGroup;
			children = (
				6A25713E2C32EA19009019D3 /* PlaygroundHorizontalConstantAcceleration.sks */,
				6A25713F2C32EA19009019D3 /* PlaygroundHorizontalConstantAcceleration.swift */,
			);
			path = PlaygroundHorizontalConstantAcceleration;
			sourceTree = "<group>";
		};
		6A9954C52C29207D00B7C865 /* CoconutPlayground */ = {
			isa = PBXGroup;
			children = (
				6A9954E02C2920B900B7C865 /* CoconutGameScene.sks */,
				6A9954E22C2920B900B7C865 /* CoconutGameScene.swift */,
			);
			path = CoconutPlayground;
			sourceTree = "<group>";
		};
		6AF4A8832C292D67006D2000 /* Playground */ = {
			isa = PBXGroup;
			children = (
				6A04A0032C32F424005EB231 /* SpriteKitView.swift */,
				6A2571422C32EA20009019D3 /* PlaygroundHorizontalConstantAcceleration */,
				6AF4A8842C292E97006D2000 /* ConstantVelocityPlayground */,
				6A9954C52C29207D00B7C865 /* CoconutPlayground */,
			);
			path = Playground;
			sourceTree = "<group>";
		};
		6AF4A8842C292E97006D2000 /* ConstantVelocityPlayground */ = {
			isa = PBXGroup;
			children = (
				6A2571392C32E93B009019D3 /* PlaygroundConstantVelocity.sks */,
				6A2571382C32E93B009019D3 /* PlaygroundConstantVelocity.swift */,
				6AF4A8892C292EE3006D2000 /* SaveDataService.swift */,
			);
			path = ConstantVelocityPlayground;
			sourceTree = "<group>";
		};
/* End PBXGroup section */

/* Begin PBXNativeTarget section */
		6A2069B32C22A2930081FBCF /* Inquisitive */ = {
			isa = PBXNativeTarget;
			buildConfigurationList = 6A2069CB2C22A2940081FBCF /* Build configuration list for PBXNativeTarget "Inquisitive" */;
			buildPhases = (
				6A2069B02C22A2930081FBCF /* Sources */,
				6A2069B12C22A2930081FBCF /* Frameworks */,
				6A2069B22C22A2930081FBCF /* Resources */,
			);
			buildRules = (
			);
			dependencies = (
			);
			name = Inquisitive;
			packageProductDependencies = (
				BF0A55362C2BB50D00DAD2DC /* Lottie */,
			);
			productName = Inquisitive;
			productReference = 6A2069B42C22A2930081FBCF /* Inquisitive.app */;
			productType = "com.apple.product-type.application";
		};
/* End PBXNativeTarget section */

/* Begin PBXProject section */
		6A2069AC2C22A2930081FBCF /* Project object */ = {
			isa = PBXProject;
			attributes = {
				BuildIndependentTargetsInParallel = 1;
				LastSwiftUpdateCheck = 1540;
				LastUpgradeCheck = 1540;
				TargetAttributes = {
					6A2069B32C22A2930081FBCF = {
						CreatedOnToolsVersion = 15.4;
					};
				};
			};
			buildConfigurationList = 6A2069AF2C22A2930081FBCF /* Build configuration list for PBXProject "Inquisitive" */;
			compatibilityVersion = "Xcode 14.0";
			developmentRegion = en;
			hasScannedForEncodings = 0;
			knownRegions = (
				en,
				Base,
			);
			mainGroup = 6A2069AB2C22A2930081FBCF;
			packageReferences = (
				BF0A55352C2BB50D00DAD2DC /* XCRemoteSwiftPackageReference "lottie-ios" */,
			);
			productRefGroup = 6A2069B52C22A2930081FBCF /* Products */;
			projectDirPath = "";
			projectRoot = "";
			targets = (
				6A2069B32C22A2930081FBCF /* Inquisitive */,
			);
		};
/* End PBXProject section */

/* Begin PBXResourcesBuildPhase section */
		6A2069B22C22A2930081FBCF /* Resources */ = {
			isa = PBXResourcesBuildPhase;
			buildActionMask = 2147483647;
			files = (
				3DF8A9E92C2BBE89009D7BE9 /* kapal.json in Resources */,
				6A2069BA2C22A2930081FBCF /* GameScene.sks in Resources */,
				6A2069C32C22A2930081FBCF /* Base in Resources */,
				6A2069C52C22A2940081FBCF /* Assets.xcassets in Resources */,
				6A2069BC2C22A2930081FBCF /* Actions.sks in Resources */,
				6A2069C82C22A2940081FBCF /* Base in Resources */,
				3D8283452C252B3E0097626F /* KERETABERPINDAH.json in Resources */,
				6A25713B2C32E93B009019D3 /* PlaygroundConstantVelocity.sks in Resources */,
				6A9954E32C2920B900B7C865 /* CoconutGameScene.sks in Resources */,
				3D8283412C247B250097626F /* MOBIL.json in Resources */,
				6A2571402C32EA1A009019D3 /* PlaygroundHorizontalConstantAcceleration.sks in Resources */,
				3D82833F2C24776D0097626F /* KERETA.json in Resources */,
			);
			runOnlyForDeploymentPostprocessing = 0;
		};
/* End PBXResourcesBuildPhase section */

/* Begin PBXSourcesBuildPhase section */
		6A2069B02C22A2930081FBCF /* Sources */ = {
			isa = PBXSourcesBuildPhase;
			buildActionMask = 2147483647;
			files = (
				6A04A0042C32F424005EB231 /* SpriteKitView.swift in Sources */,
				6AF4A88A2C292EE3006D2000 /* SaveDataService.swift in Sources */,
				BFEC06172C2A99B700A9532E /* NewProfileView.swift in Sources */,
				BFFCEA872C22F09300C1F888 /* MaterialViewGLB.swift in Sources */,
				3DB7973E2C2D848200E4B043 /* FinalBossView.swift in Sources */,
				3D8283362C2407920097626F /* MaterialViewGLBB_V.swift in Sources */,
				6A2069BE2C22A2930081FBCF /* GameScene.swift in Sources */,
				3DF8A9E72C2BBE50009D7BE9 /* ExerciseViewGLBB_H.swift in Sources */,
				BFEC06192C2AC1DF00A9532E /* JustProfileView.swift in Sources */,
				3DB7973C2C2D83BB00E4B043 /* BossTransition.swift in Sources */,
				6A9954E52C2920B900B7C865 /* CoconutGameScene.swift in Sources */,
				6A25713A2C32E93B009019D3 /* PlaygroundConstantVelocity.swift in Sources */,
				6A2571412C32EA1A009019D3 /* PlaygroundHorizontalConstantAcceleration.swift in Sources */,
				6A2069C02C22A2930081FBCF /* GameViewController.swift in Sources */,
				6A2069B82C22A2930081FBCF /* AppDelegate.swift in Sources */,
				BFFCEA852C22F06700C1F888 /* LottieView.swift in Sources */,
				BFB25BDE2C23CCF60066D6BE /* MaterialViewGLBB_H.swift in Sources */,
				3D8283472C2872C60097626F /* MapView.swift in Sources */,
				3DF8A9E12C2BBB54009D7BE9 /* ExerciseViewGLB.swift in Sources */,
				BFEC06152C2A67DD00A9532E /* Database.swift in Sources */,
				3DF8A9E52C2BBBBB009D7BE9 /* StrokeModifier.swift in Sources */,
				3DF8A9EB2C2BCD41009D7BE9 /* ExerciseViewGLBB_V.swift in Sources */,
				BFA2DBB42C2BF8360096262B /* GetItemView.swift in Sources */,
				BFB25BE02C23CD350066D6BE /* ColorExt.swift in Sources */,
			);
			runOnlyForDeploymentPostprocessing = 0;
		};
/* End PBXSourcesBuildPhase section */

/* Begin PBXVariantGroup section */
		6A2069C12C22A2930081FBCF /* Main.storyboard */ = {
			isa = PBXVariantGroup;
			children = (
				6A2069C22C22A2930081FBCF /* Base */,
			);
			name = Main.storyboard;
			sourceTree = "<group>";
		};
		6A2069C62C22A2940081FBCF /* LaunchScreen.storyboard */ = {
			isa = PBXVariantGroup;
			children = (
				6A2069C72C22A2940081FBCF /* Base */,
			);
			name = LaunchScreen.storyboard;
			sourceTree = "<group>";
		};
/* End PBXVariantGroup section */

/* Begin XCBuildConfiguration section */
		6A2069C92C22A2940081FBCF /* Debug */ = {
			isa = XCBuildConfiguration;
			buildSettings = {
				ALWAYS_SEARCH_USER_PATHS = NO;
				ASSETCATALOG_COMPILER_GENERATE_SWIFT_ASSET_SYMBOL_EXTENSIONS = YES;
				CLANG_ANALYZER_NONNULL = YES;
				CLANG_ANALYZER_NUMBER_OBJECT_CONVERSION = YES_AGGRESSIVE;
				CLANG_CXX_LANGUAGE_STANDARD = "gnu++20";
				CLANG_ENABLE_MODULES = YES;
				CLANG_ENABLE_OBJC_ARC = YES;
				CLANG_ENABLE_OBJC_WEAK = YES;
				CLANG_WARN_BLOCK_CAPTURE_AUTORELEASING = YES;
				CLANG_WARN_BOOL_CONVERSION = YES;
				CLANG_WARN_COMMA = YES;
				CLANG_WARN_CONSTANT_CONVERSION = YES;
				CLANG_WARN_DEPRECATED_OBJC_IMPLEMENTATIONS = YES;
				CLANG_WARN_DIRECT_OBJC_ISA_USAGE = YES_ERROR;
				CLANG_WARN_DOCUMENTATION_COMMENTS = YES;
				CLANG_WARN_EMPTY_BODY = YES;
				CLANG_WARN_ENUM_CONVERSION = YES;
				CLANG_WARN_INFINITE_RECURSION = YES;
				CLANG_WARN_INT_CONVERSION = YES;
				CLANG_WARN_NON_LITERAL_NULL_CONVERSION = YES;
				CLANG_WARN_OBJC_IMPLICIT_RETAIN_SELF = YES;
				CLANG_WARN_OBJC_LITERAL_CONVERSION = YES;
				CLANG_WARN_OBJC_ROOT_CLASS = YES_ERROR;
				CLANG_WARN_QUOTED_INCLUDE_IN_FRAMEWORK_HEADER = YES;
				CLANG_WARN_RANGE_LOOP_ANALYSIS = YES;
				CLANG_WARN_STRICT_PROTOTYPES = YES;
				CLANG_WARN_SUSPICIOUS_MOVE = YES;
				CLANG_WARN_UNGUARDED_AVAILABILITY = YES_AGGRESSIVE;
				CLANG_WARN_UNREACHABLE_CODE = YES;
				CLANG_WARN__DUPLICATE_METHOD_MATCH = YES;
				COPY_PHASE_STRIP = NO;
				DEBUG_INFORMATION_FORMAT = dwarf;
				ENABLE_STRICT_OBJC_MSGSEND = YES;
				ENABLE_TESTABILITY = YES;
				ENABLE_USER_SCRIPT_SANDBOXING = YES;
				GCC_C_LANGUAGE_STANDARD = gnu17;
				GCC_DYNAMIC_NO_PIC = NO;
				GCC_NO_COMMON_BLOCKS = YES;
				GCC_OPTIMIZATION_LEVEL = 0;
				GCC_PREPROCESSOR_DEFINITIONS = (
					"DEBUG=1",
					"$(inherited)",
				);
				GCC_WARN_64_TO_32_BIT_CONVERSION = YES;
				GCC_WARN_ABOUT_RETURN_TYPE = YES_ERROR;
				GCC_WARN_UNDECLARED_SELECTOR = YES;
				GCC_WARN_UNINITIALIZED_AUTOS = YES_AGGRESSIVE;
				GCC_WARN_UNUSED_FUNCTION = YES;
				GCC_WARN_UNUSED_VARIABLE = YES;
				IPHONEOS_DEPLOYMENT_TARGET = 17.4;
				LOCALIZATION_PREFERS_STRING_CATALOGS = YES;
				MTL_ENABLE_DEBUG_INFO = INCLUDE_SOURCE;
				MTL_FAST_MATH = YES;
				ONLY_ACTIVE_ARCH = YES;
				SDKROOT = iphoneos;
				SWIFT_ACTIVE_COMPILATION_CONDITIONS = "DEBUG $(inherited)";
				SWIFT_OPTIMIZATION_LEVEL = "-Onone";
			};
			name = Debug;
		};
		6A2069CA2C22A2940081FBCF /* Release */ = {
			isa = XCBuildConfiguration;
			buildSettings = {
				ALWAYS_SEARCH_USER_PATHS = NO;
				ASSETCATALOG_COMPILER_GENERATE_SWIFT_ASSET_SYMBOL_EXTENSIONS = YES;
				CLANG_ANALYZER_NONNULL = YES;
				CLANG_ANALYZER_NUMBER_OBJECT_CONVERSION = YES_AGGRESSIVE;
				CLANG_CXX_LANGUAGE_STANDARD = "gnu++20";
				CLANG_ENABLE_MODULES = YES;
				CLANG_ENABLE_OBJC_ARC = YES;
				CLANG_ENABLE_OBJC_WEAK = YES;
				CLANG_WARN_BLOCK_CAPTURE_AUTORELEASING = YES;
				CLANG_WARN_BOOL_CONVERSION = YES;
				CLANG_WARN_COMMA = YES;
				CLANG_WARN_CONSTANT_CONVERSION = YES;
				CLANG_WARN_DEPRECATED_OBJC_IMPLEMENTATIONS = YES;
				CLANG_WARN_DIRECT_OBJC_ISA_USAGE = YES_ERROR;
				CLANG_WARN_DOCUMENTATION_COMMENTS = YES;
				CLANG_WARN_EMPTY_BODY = YES;
				CLANG_WARN_ENUM_CONVERSION = YES;
				CLANG_WARN_INFINITE_RECURSION = YES;
				CLANG_WARN_INT_CONVERSION = YES;
				CLANG_WARN_NON_LITERAL_NULL_CONVERSION = YES;
				CLANG_WARN_OBJC_IMPLICIT_RETAIN_SELF = YES;
				CLANG_WARN_OBJC_LITERAL_CONVERSION = YES;
				CLANG_WARN_OBJC_ROOT_CLASS = YES_ERROR;
				CLANG_WARN_QUOTED_INCLUDE_IN_FRAMEWORK_HEADER = YES;
				CLANG_WARN_RANGE_LOOP_ANALYSIS = YES;
				CLANG_WARN_STRICT_PROTOTYPES = YES;
				CLANG_WARN_SUSPICIOUS_MOVE = YES;
				CLANG_WARN_UNGUARDED_AVAILABILITY = YES_AGGRESSIVE;
				CLANG_WARN_UNREACHABLE_CODE = YES;
				CLANG_WARN__DUPLICATE_METHOD_MATCH = YES;
				COPY_PHASE_STRIP = NO;
				DEBUG_INFORMATION_FORMAT = "dwarf-with-dsym";
				ENABLE_NS_ASSERTIONS = NO;
				ENABLE_STRICT_OBJC_MSGSEND = YES;
				ENABLE_USER_SCRIPT_SANDBOXING = YES;
				GCC_C_LANGUAGE_STANDARD = gnu17;
				GCC_NO_COMMON_BLOCKS = YES;
				GCC_WARN_64_TO_32_BIT_CONVERSION = YES;
				GCC_WARN_ABOUT_RETURN_TYPE = YES_ERROR;
				GCC_WARN_UNDECLARED_SELECTOR = YES;
				GCC_WARN_UNINITIALIZED_AUTOS = YES_AGGRESSIVE;
				GCC_WARN_UNUSED_FUNCTION = YES;
				GCC_WARN_UNUSED_VARIABLE = YES;
				IPHONEOS_DEPLOYMENT_TARGET = 17.4;
				LOCALIZATION_PREFERS_STRING_CATALOGS = YES;
				MTL_ENABLE_DEBUG_INFO = NO;
				MTL_FAST_MATH = YES;
				SDKROOT = iphoneos;
				SWIFT_COMPILATION_MODE = wholemodule;
				VALIDATE_PRODUCT = YES;
			};
			name = Release;
		};
		6A2069CC2C22A2940081FBCF /* Debug */ = {
			isa = XCBuildConfiguration;
			buildSettings = {
				ASSETCATALOG_COMPILER_APPICON_NAME = AppIcon;
				ASSETCATALOG_COMPILER_GLOBAL_ACCENT_COLOR_NAME = AccentColor;
				CODE_SIGN_STYLE = Automatic;
				CURRENT_PROJECT_VERSION = 1;
				DEVELOPMENT_TEAM = 84CY6V3X8V;
				GENERATE_INFOPLIST_FILE = YES;
				INFOPLIST_FILE = Inquisitive/Info.plist;
				INFOPLIST_KEY_UIApplicationSupportsIndirectInputEvents = YES;
				INFOPLIST_KEY_UILaunchStoryboardName = LaunchScreen;
				INFOPLIST_KEY_UIMainStoryboardFile = Main;
				INFOPLIST_KEY_UIStatusBarHidden = YES;
				INFOPLIST_KEY_UISupportedInterfaceOrientations = "UIInterfaceOrientationLandscapeLeft UIInterfaceOrientationLandscapeRight UIInterfaceOrientationPortrait";
				INFOPLIST_KEY_UISupportedInterfaceOrientations_iPad = "UIInterfaceOrientationLandscapeLeft UIInterfaceOrientationLandscapeRight UIInterfaceOrientationPortrait UIInterfaceOrientationPortraitUpsideDown";
				IPHONEOS_DEPLOYMENT_TARGET = 17.4;
				LD_RUNPATH_SEARCH_PATHS = (
					"$(inherited)",
					"@executable_path/Frameworks",
				);
				MARKETING_VERSION = 1.0;
				PRODUCT_BUNDLE_IDENTIFIER = com.learn.Inquisitive;
				PRODUCT_NAME = "$(TARGET_NAME)";
				SUPPORTED_PLATFORMS = "iphoneos iphonesimulator";
				SUPPORTS_MACCATALYST = NO;
				SUPPORTS_MAC_DESIGNED_FOR_IPHONE_IPAD = NO;
				SUPPORTS_XR_DESIGNED_FOR_IPHONE_IPAD = NO;
				SWIFT_EMIT_LOC_STRINGS = YES;
				SWIFT_VERSION = 5.0;
				TARGETED_DEVICE_FAMILY = 2;
			};
			name = Debug;
		};
		6A2069CD2C22A2940081FBCF /* Release */ = {
			isa = XCBuildConfiguration;
			buildSettings = {
				ASSETCATALOG_COMPILER_APPICON_NAME = AppIcon;
				ASSETCATALOG_COMPILER_GLOBAL_ACCENT_COLOR_NAME = AccentColor;
				CODE_SIGN_STYLE = Automatic;
				CURRENT_PROJECT_VERSION = 1;
				DEVELOPMENT_TEAM = 84CY6V3X8V;
				GENERATE_INFOPLIST_FILE = YES;
				INFOPLIST_FILE = Inquisitive/Info.plist;
				INFOPLIST_KEY_UIApplicationSupportsIndirectInputEvents = YES;
				INFOPLIST_KEY_UILaunchStoryboardName = LaunchScreen;
				INFOPLIST_KEY_UIMainStoryboardFile = Main;
				INFOPLIST_KEY_UIStatusBarHidden = YES;
				INFOPLIST_KEY_UISupportedInterfaceOrientations = "UIInterfaceOrientationLandscapeLeft UIInterfaceOrientationLandscapeRight UIInterfaceOrientationPortrait";
				INFOPLIST_KEY_UISupportedInterfaceOrientations_iPad = "UIInterfaceOrientationLandscapeLeft UIInterfaceOrientationLandscapeRight UIInterfaceOrientationPortrait UIInterfaceOrientationPortraitUpsideDown";
				IPHONEOS_DEPLOYMENT_TARGET = 17.4;
				LD_RUNPATH_SEARCH_PATHS = (
					"$(inherited)",
					"@executable_path/Frameworks",
				);
				MARKETING_VERSION = 1.0;
				PRODUCT_BUNDLE_IDENTIFIER = com.learn.Inquisitive;
				PRODUCT_NAME = "$(TARGET_NAME)";
				SUPPORTED_PLATFORMS = "iphoneos iphonesimulator";
				SUPPORTS_MACCATALYST = NO;
				SUPPORTS_MAC_DESIGNED_FOR_IPHONE_IPAD = NO;
				SUPPORTS_XR_DESIGNED_FOR_IPHONE_IPAD = NO;
				SWIFT_EMIT_LOC_STRINGS = YES;
				SWIFT_VERSION = 5.0;
				TARGETED_DEVICE_FAMILY = 2;
			};
			name = Release;
		};
/* End XCBuildConfiguration section */

/* Begin XCConfigurationList section */
		6A2069AF2C22A2930081FBCF /* Build configuration list for PBXProject "Inquisitive" */ = {
			isa = XCConfigurationList;
			buildConfigurations = (
				6A2069C92C22A2940081FBCF /* Debug */,
				6A2069CA2C22A2940081FBCF /* Release */,
			);
			defaultConfigurationIsVisible = 0;
			defaultConfigurationName = Release;
		};
		6A2069CB2C22A2940081FBCF /* Build configuration list for PBXNativeTarget "Inquisitive" */ = {
			isa = XCConfigurationList;
			buildConfigurations = (
				6A2069CC2C22A2940081FBCF /* Debug */,
				6A2069CD2C22A2940081FBCF /* Release */,
			);
			defaultConfigurationIsVisible = 0;
			defaultConfigurationName = Release;
		};
/* End XCConfigurationList section */

/* Begin XCRemoteSwiftPackageReference section */
		BF0A55352C2BB50D00DAD2DC /* XCRemoteSwiftPackageReference "lottie-ios" */ = {
			isa = XCRemoteSwiftPackageReference;
			repositoryURL = "https://github.com/airbnb/lottie-ios.git";
			requirement = {
				kind = upToNextMajorVersion;
				minimumVersion = 4.4.3;
			};
		};
/* End XCRemoteSwiftPackageReference section */

/* Begin XCSwiftPackageProductDependency section */
		BF0A55362C2BB50D00DAD2DC /* Lottie */ = {
			isa = XCSwiftPackageProductDependency;
			package = BF0A55352C2BB50D00DAD2DC /* XCRemoteSwiftPackageReference "lottie-ios" */;
			productName = Lottie;
		};
/* End XCSwiftPackageProductDependency section */
	};
	rootObject = 6A2069AC2C22A2930081FBCF /* Project object */;
}
