// !$*UTF8*$!
{
	archiveVersion = 1;
	classes = {
	};
	objectVersion = 56;
	objects = {

/* Begin PBXBuildFile section */
		3D8283362C2407920097626F /* MaterialViewGLBB_V.swift in Sources */ = {isa = PBXBuildFile; fileRef = 3D8283352C2407920097626F /* MaterialViewGLBB_V.swift */; };
		3D82833F2C24776D0097626F /* KERETA.json in Resources */ = {isa = PBXBuildFile; fileRef = 3D82833E2C24776D0097626F /* KERETA.json */; };
		3D8283412C247B250097626F /* MOBIL.json in Resources */ = {isa = PBXBuildFile; fileRef = 3D8283402C247B250097626F /* MOBIL.json */; };
		3D8283452C252B3E0097626F /* KERETABERPINDAH.json in Resources */ = {isa = PBXBuildFile; fileRef = 3D8283442C252B3E0097626F /* KERETABERPINDAH.json */; };
		3D8283472C2872C60097626F /* MapView.swift in Sources */ = {isa = PBXBuildFile; fileRef = 3D8283462C2872C60097626F /* MapView.swift */; };
		6A2069B82C22A2930081FBCF /* AppDelegate.swift in Sources */ = {isa = PBXBuildFile; fileRef = 6A2069B72C22A2930081FBCF /* AppDelegate.swift */; };
		6A2069BA2C22A2930081FBCF /* GameScene.sks in Resources */ = {isa = PBXBuildFile; fileRef = 6A2069B92C22A2930081FBCF /* GameScene.sks */; };
		6A2069BC2C22A2930081FBCF /* Actions.sks in Resources */ = {isa = PBXBuildFile; fileRef = 6A2069BB2C22A2930081FBCF /* Actions.sks */; };
		6A2069BE2C22A2930081FBCF /* GameScene.swift in Sources */ = {isa = PBXBuildFile; fileRef = 6A2069BD2C22A2930081FBCF /* GameScene.swift */; };
		6A2069C02C22A2930081FBCF /* GameViewController.swift in Sources */ = {isa = PBXBuildFile; fileRef = 6A2069BF2C22A2930081FBCF /* GameViewController.swift */; };
		6A2069C32C22A2930081FBCF /* Base in Resources */ = {isa = PBXBuildFile; fileRef = 6A2069C22C22A2930081FBCF /* Base */; };
		6A2069C52C22A2940081FBCF /* Assets.xcassets in Resources */ = {isa = PBXBuildFile; fileRef = 6A2069C42C22A2940081FBCF /* Assets.xcassets */; };
		6A2069C82C22A2940081FBCF /* Base in Resources */ = {isa = PBXBuildFile; fileRef = 6A2069C72C22A2940081FBCF /* Base */; };
		BFB25BDE2C23CCF60066D6BE /* MaterialViewGLBB_H.swift in Sources */ = {isa = PBXBuildFile; fileRef = BFB25BDD2C23CCF60066D6BE /* MaterialViewGLBB_H.swift */; };
		BFB25BE02C23CD350066D6BE /* ColorExt.swift in Sources */ = {isa = PBXBuildFile; fileRef = BFB25BDF2C23CD350066D6BE /* ColorExt.swift */; };
		BFB25BE32C2442CF0066D6BE /* Lottie in Frameworks */ = {isa = PBXBuildFile; productRef = BFB25BE22C2442CF0066D6BE /* Lottie */; };
		BFB25BE52C24439C0066D6BE /* ProfileView.swift in Sources */ = {isa = PBXBuildFile; fileRef = BFB25BE42C24439C0066D6BE /* ProfileView.swift */; };
		BFB25BE72C2454360066D6BE /* SkinTone.swift in Sources */ = {isa = PBXBuildFile; fileRef = BFB25BE62C2454360066D6BE /* SkinTone.swift */; };
		BFB25BE92C2454410066D6BE /* FaceShape.swift in Sources */ = {isa = PBXBuildFile; fileRef = BFB25BE82C2454410066D6BE /* FaceShape.swift */; };
		BFB25BEB2C24544C0066D6BE /* Expression.swift in Sources */ = {isa = PBXBuildFile; fileRef = BFB25BEA2C24544C0066D6BE /* Expression.swift */; };
		BFB25BED2C2454560066D6BE /* Hairstyle.swift in Sources */ = {isa = PBXBuildFile; fileRef = BFB25BEC2C2454560066D6BE /* Hairstyle.swift */; };
		BFB25BEF2C24546A0066D6BE /* ProfileConfiguration.swift in Sources */ = {isa = PBXBuildFile; fileRef = BFB25BEE2C24546A0066D6BE /* ProfileConfiguration.swift */; };
		BFB25BF12C2454760066D6BE /* ProfileDetailView.swift in Sources */ = {isa = PBXBuildFile; fileRef = BFB25BF02C2454760066D6BE /* ProfileDetailView.swift */; };
		BFB25BF32C2454840066D6BE /* ProfileDetailItem.swift in Sources */ = {isa = PBXBuildFile; fileRef = BFB25BF22C2454840066D6BE /* ProfileDetailItem.swift */; };
		BFB25BF62C24987F0066D6BE /* Profile.swift in Sources */ = {isa = PBXBuildFile; fileRef = BFB25BF52C24987F0066D6BE /* Profile.swift */; };
		BFB25BF82C249AF80066D6BE /* NameEditView.swift in Sources */ = {isa = PBXBuildFile; fileRef = BFB25BF72C249AF80066D6BE /* NameEditView.swift */; };
		BFFCEA852C22F06700C1F888 /* LottieView.swift in Sources */ = {isa = PBXBuildFile; fileRef = BFFCEA842C22F06700C1F888 /* LottieView.swift */; };
		BFFCEA872C22F09300C1F888 /* MaterialViewGLB.swift in Sources */ = {isa = PBXBuildFile; fileRef = BFFCEA862C22F09300C1F888 /* MaterialViewGLB.swift */; };
		BFFCEA892C22F0BB00C1F888 /* test.json in Resources */ = {isa = PBXBuildFile; fileRef = BFFCEA882C22F0BB00C1F888 /* test.json */; };
/* End PBXBuildFile section */

/* Begin PBXFileReference section */
		3D8283352C2407920097626F /* MaterialViewGLBB_V.swift */ = {isa = PBXFileReference; lastKnownFileType = sourcecode.swift; path = MaterialViewGLBB_V.swift; sourceTree = "<group>"; };
		3D8283392C245A860097626F /* Info.plist */ = {isa = PBXFileReference; lastKnownFileType = text.plist; path = Info.plist; sourceTree = "<group>"; };
		3D82833E2C24776D0097626F /* KERETA.json */ = {isa = PBXFileReference; fileEncoding = 4; lastKnownFileType = text.json; path = KERETA.json; sourceTree = "<group>"; };
		3D8283402C247B250097626F /* MOBIL.json */ = {isa = PBXFileReference; fileEncoding = 4; lastKnownFileType = text.json; path = MOBIL.json; sourceTree = "<group>"; };
		3D8283442C252B3E0097626F /* KERETABERPINDAH.json */ = {isa = PBXFileReference; fileEncoding = 4; lastKnownFileType = text.json; path = KERETABERPINDAH.json; sourceTree = "<group>"; };
		3D8283462C2872C60097626F /* MapView.swift */ = {isa = PBXFileReference; lastKnownFileType = sourcecode.swift; path = MapView.swift; sourceTree = "<group>"; };
		6A2069B42C22A2930081FBCF /* Inquisitive.app */ = {isa = PBXFileReference; explicitFileType = wrapper.application; includeInIndex = 0; path = Inquisitive.app; sourceTree = BUILT_PRODUCTS_DIR; };
		6A2069B72C22A2930081FBCF /* AppDelegate.swift */ = {isa = PBXFileReference; lastKnownFileType = sourcecode.swift; path = AppDelegate.swift; sourceTree = "<group>"; };
		6A2069B92C22A2930081FBCF /* GameScene.sks */ = {isa = PBXFileReference; lastKnownFileType = file.sks; path = GameScene.sks; sourceTree = "<group>"; };
		6A2069BB2C22A2930081FBCF /* Actions.sks */ = {isa = PBXFileReference; lastKnownFileType = file.sks; path = Actions.sks; sourceTree = "<group>"; };
		6A2069BD2C22A2930081FBCF /* GameScene.swift */ = {isa = PBXFileReference; lastKnownFileType = sourcecode.swift; path = GameScene.swift; sourceTree = "<group>"; };
		6A2069BF2C22A2930081FBCF /* GameViewController.swift */ = {isa = PBXFileReference; lastKnownFileType = sourcecode.swift; path = GameViewController.swift; sourceTree = "<group>"; };
		6A2069C22C22A2930081FBCF /* Base */ = {isa = PBXFileReference; lastKnownFileType = file.storyboard; name = Base; path = Base.lproj/Main.storyboard; sourceTree = "<group>"; };
		6A2069C42C22A2940081FBCF /* Assets.xcassets */ = {isa = PBXFileReference; lastKnownFileType = folder.assetcatalog; path = Assets.xcassets; sourceTree = "<group>"; };
		6A2069C72C22A2940081FBCF /* Base */ = {isa = PBXFileReference; lastKnownFileType = file.storyboard; name = Base; path = Base.lproj/LaunchScreen.storyboard; sourceTree = "<group>"; };
		BFB25BDD2C23CCF60066D6BE /* MaterialViewGLBB_H.swift */ = {isa = PBXFileReference; lastKnownFileType = sourcecode.swift; path = MaterialViewGLBB_H.swift; sourceTree = "<group>"; };
		BFB25BDF2C23CD350066D6BE /* ColorExt.swift */ = {isa = PBXFileReference; lastKnownFileType = sourcecode.swift; path = ColorExt.swift; sourceTree = "<group>"; };
		BFB25BE42C24439C0066D6BE /* ProfileView.swift */ = {isa = PBXFileReference; lastKnownFileType = sourcecode.swift; path = ProfileView.swift; sourceTree = "<group>"; };
		BFB25BE62C2454360066D6BE /* SkinTone.swift */ = {isa = PBXFileReference; lastKnownFileType = sourcecode.swift; path = SkinTone.swift; sourceTree = "<group>"; };
		BFB25BE82C2454410066D6BE /* FaceShape.swift */ = {isa = PBXFileReference; lastKnownFileType = sourcecode.swift; path = FaceShape.swift; sourceTree = "<group>"; };
		BFB25BEA2C24544C0066D6BE /* Expression.swift */ = {isa = PBXFileReference; lastKnownFileType = sourcecode.swift; path = Expression.swift; sourceTree = "<group>"; };
		BFB25BEC2C2454560066D6BE /* Hairstyle.swift */ = {isa = PBXFileReference; lastKnownFileType = sourcecode.swift; path = Hairstyle.swift; sourceTree = "<group>"; };
		BFB25BEE2C24546A0066D6BE /* ProfileConfiguration.swift */ = {isa = PBXFileReference; lastKnownFileType = sourcecode.swift; path = ProfileConfiguration.swift; sourceTree = "<group>"; };
		BFB25BF02C2454760066D6BE /* ProfileDetailView.swift */ = {isa = PBXFileReference; lastKnownFileType = sourcecode.swift; path = ProfileDetailView.swift; sourceTree = "<group>"; };
		BFB25BF22C2454840066D6BE /* ProfileDetailItem.swift */ = {isa = PBXFileReference; lastKnownFileType = sourcecode.swift; path = ProfileDetailItem.swift; sourceTree = "<group>"; };
		BFB25BF52C24987F0066D6BE /* Profile.swift */ = {isa = PBXFileReference; lastKnownFileType = sourcecode.swift; path = Profile.swift; sourceTree = "<group>"; };
		BFB25BF72C249AF80066D6BE /* NameEditView.swift */ = {isa = PBXFileReference; lastKnownFileType = sourcecode.swift; path = NameEditView.swift; sourceTree = "<group>"; };
		BFFCEA842C22F06700C1F888 /* LottieView.swift */ = {isa = PBXFileReference; lastKnownFileType = sourcecode.swift; path = LottieView.swift; sourceTree = "<group>"; };
		BFFCEA862C22F09300C1F888 /* MaterialViewGLB.swift */ = {isa = PBXFileReference; lastKnownFileType = sourcecode.swift; path = MaterialViewGLB.swift; sourceTree = "<group>"; };
		BFFCEA882C22F0BB00C1F888 /* test.json */ = {isa = PBXFileReference; fileEncoding = 4; lastKnownFileType = text.json; name = test.json; path = ../../../../Downloads/test.json; sourceTree = "<group>"; };
/* End PBXFileReference section */

/* Begin PBXFrameworksBuildPhase section */
		6A2069B12C22A2930081FBCF /* Frameworks */ = {
			isa = PBXFrameworksBuildPhase;
			buildActionMask = 2147483647;
			files = (
				BFB25BE32C2442CF0066D6BE /* Lottie in Frameworks */,
			);
			runOnlyForDeploymentPostprocessing = 0;
		};
/* End PBXFrameworksBuildPhase section */

/* Begin PBXGroup section */
		6A2069AB2C22A2930081FBCF = {
			isa = PBXGroup;
			children = (
				6A2069B62C22A2930081FBCF /* Inquisitive */,
				6A2069B52C22A2930081FBCF /* Products */,
			);
			sourceTree = "<group>";
		};
		6A2069B52C22A2930081FBCF /* Products */ = {
			isa = PBXGroup;
			children = (
				6A2069B42C22A2930081FBCF /* Inquisitive.app */,
			);
			name = Products;
			sourceTree = "<group>";
		};
		6A2069B62C22A2930081FBCF /* Inquisitive */ = {
			isa = PBXGroup;
			children = (
				3D8283392C245A860097626F /* Info.plist */,
				BFFCEA882C22F0BB00C1F888 /* test.json */,
				3D82833E2C24776D0097626F /* KERETA.json */,
				3D8283442C252B3E0097626F /* KERETABERPINDAH.json */,
				3D8283402C247B250097626F /* MOBIL.json */,
				BFFCEA842C22F06700C1F888 /* LottieView.swift */,
				BFFCEA862C22F09300C1F888 /* MaterialViewGLB.swift */,
				BFB25BDD2C23CCF60066D6BE /* MaterialViewGLBB_H.swift */,
				3D8283462C2872C60097626F /* MapView.swift */,
				3D8283352C2407920097626F /* MaterialViewGLBB_V.swift */,
				BFB25BE42C24439C0066D6BE /* ProfileView.swift */,
				BFB25BF42C2458F70066D6BE /* ModalProfile */,
				BFB25BDF2C23CD350066D6BE /* ColorExt.swift */,
				6A2069B72C22A2930081FBCF /* AppDelegate.swift */,
				6A2069B92C22A2930081FBCF /* GameScene.sks */,
				6A2069BB2C22A2930081FBCF /* Actions.sks */,
				6A2069BD2C22A2930081FBCF /* GameScene.swift */,
				6A2069BF2C22A2930081FBCF /* GameViewController.swift */,
				6A2069C12C22A2930081FBCF /* Main.storyboard */,
				6A2069C42C22A2940081FBCF /* Assets.xcassets */,
				6A2069C62C22A2940081FBCF /* LaunchScreen.storyboard */,
			);
			path = Inquisitive;
			sourceTree = "<group>";
		};
		BFB25BF42C2458F70066D6BE /* ModalProfile */ = {
			isa = PBXGroup;
			children = (
				BFB25BE62C2454360066D6BE /* SkinTone.swift */,
				BFB25BE82C2454410066D6BE /* FaceShape.swift */,
				BFB25BEA2C24544C0066D6BE /* Expression.swift */,
				BFB25BEC2C2454560066D6BE /* Hairstyle.swift */,
				BFB25BF52C24987F0066D6BE /* Profile.swift */,
				BFB25BEE2C24546A0066D6BE /* ProfileConfiguration.swift */,
				BFB25BF02C2454760066D6BE /* ProfileDetailView.swift */,
				BFB25BF72C249AF80066D6BE /* NameEditView.swift */,
				BFB25BF22C2454840066D6BE /* ProfileDetailItem.swift */,
			);
			path = ModalProfile;
			sourceTree = "<group>";
		};
/* End PBXGroup section */

/* Begin PBXNativeTarget section */
		6A2069B32C22A2930081FBCF /* Inquisitive */ = {
			isa = PBXNativeTarget;
			buildConfigurationList = 6A2069CB2C22A2940081FBCF /* Build configuration list for PBXNativeTarget "Inquisitive" */;
			buildPhases = (
				6A2069B02C22A2930081FBCF /* Sources */,
				6A2069B12C22A2930081FBCF /* Frameworks */,
				6A2069B22C22A2930081FBCF /* Resources */,
			);
			buildRules = (
			);
			dependencies = (
			);
			name = Inquisitive;
			packageProductDependencies = (
				BFB25BE22C2442CF0066D6BE /* Lottie */,
			);
			productName = Inquisitive;
			productReference = 6A2069B42C22A2930081FBCF /* Inquisitive.app */;
			productType = "com.apple.product-type.application";
		};
/* End PBXNativeTarget section */

/* Begin PBXProject section */
		6A2069AC2C22A2930081FBCF /* Project object */ = {
			isa = PBXProject;
			attributes = {
				BuildIndependentTargetsInParallel = 1;
				LastSwiftUpdateCheck = 1540;
				LastUpgradeCheck = 1540;
				TargetAttributes = {
					6A2069B32C22A2930081FBCF = {
						CreatedOnToolsVersion = 15.4;
					};
				};
			};
			buildConfigurationList = 6A2069AF2C22A2930081FBCF /* Build configuration list for PBXProject "Inquisitive" */;
			compatibilityVersion = "Xcode 14.0";
			developmentRegion = en;
			hasScannedForEncodings = 0;
			knownRegions = (
				en,
				Base,
			);
			mainGroup = 6A2069AB2C22A2930081FBCF;
			packageReferences = (
				BFB25BE12C2442CF0066D6BE /* XCRemoteSwiftPackageReference "lottie-ios" */,
			);
			productRefGroup = 6A2069B52C22A2930081FBCF /* Products */;
			projectDirPath = "";
			projectRoot = "";
			targets = (
				6A2069B32C22A2930081FBCF /* Inquisitive */,
			);
		};
/* End PBXProject section */

/* Begin PBXResourcesBuildPhase section */
		6A2069B22C22A2930081FBCF /* Resources */ = {
			isa = PBXResourcesBuildPhase;
			buildActionMask = 2147483647;
			files = (
				6A2069BA2C22A2930081FBCF /* GameScene.sks in Resources */,
				6A2069C32C22A2930081FBCF /* Base in Resources */,
				6A2069C52C22A2940081FBCF /* Assets.xcassets in Resources */,
				6A2069BC2C22A2930081FBCF /* Actions.sks in Resources */,
				6A2069C82C22A2940081FBCF /* Base in Resources */,
				3D8283452C252B3E0097626F /* KERETABERPINDAH.json in Resources */,
				3D8283412C247B250097626F /* MOBIL.json in Resources */,
				BFFCEA892C22F0BB00C1F888 /* test.json in Resources */,
				3D82833F2C24776D0097626F /* KERETA.json in Resources */,
			);
			runOnlyForDeploymentPostprocessing = 0;
		};
/* End PBXResourcesBuildPhase section */

/* Begin PBXSourcesBuildPhase section */
		6A2069B02C22A2930081FBCF /* Sources */ = {
			isa = PBXSourcesBuildPhase;
			buildActionMask = 2147483647;
			files = (
				BFB25BF62C24987F0066D6BE /* Profile.swift in Sources */,
				BFB25BEF2C24546A0066D6BE /* ProfileConfiguration.swift in Sources */,
				BFB25BE92C2454410066D6BE /* FaceShape.swift in Sources */,
				BFB25BF12C2454760066D6BE /* ProfileDetailView.swift in Sources */,
				BFFCEA872C22F09300C1F888 /* MaterialViewGLB.swift in Sources */,
				BFB25BE52C24439C0066D6BE /* ProfileView.swift in Sources */,
				BFB25BF32C2454840066D6BE /* ProfileDetailItem.swift in Sources */,
				BFB25BF82C249AF80066D6BE /* NameEditView.swift in Sources */,
				3D8283362C2407920097626F /* MaterialViewGLBB_V.swift in Sources */,
				6A2069BE2C22A2930081FBCF /* GameScene.swift in Sources */,
				BFB25BE72C2454360066D6BE /* SkinTone.swift in Sources */,
				6A2069C02C22A2930081FBCF /* GameViewController.swift in Sources */,
				6A2069B82C22A2930081FBCF /* AppDelegate.swift in Sources */,
				BFFCEA852C22F06700C1F888 /* LottieView.swift in Sources */,
				BFB25BDE2C23CCF60066D6BE /* MaterialViewGLBB_H.swift in Sources */,
				3D8283472C2872C60097626F /* MapView.swift in Sources */,
				BFB25BE02C23CD350066D6BE /* ColorExt.swift in Sources */,
				BFB25BED2C2454560066D6BE /* Hairstyle.swift in Sources */,
				BFB25BEB2C24544C0066D6BE /* Expression.swift in Sources */,
			);
			runOnlyForDeploymentPostprocessing = 0;
		};
/* End PBXSourcesBuildPhase section */

/* Begin PBXVariantGroup section */
		6A2069C12C22A2930081FBCF /* Main.storyboard */ = {
			isa = PBXVariantGroup;
			children = (
				6A2069C22C22A2930081FBCF /* Base */,
			);
			name = Main.storyboard;
			sourceTree = "<group>";
		};
		6A2069C62C22A2940081FBCF /* LaunchScreen.storyboard */ = {
			isa = PBXVariantGroup;
			children = (
				6A2069C72C22A2940081FBCF /* Base */,
			);
			name = LaunchScreen.storyboard;
			sourceTree = "<group>";
		};
/* End PBXVariantGroup section */

/* Begin XCBuildConfiguration section */
		6A2069C92C22A2940081FBCF /* Debug */ = {
			isa = XCBuildConfiguration;
			buildSettings = {
				ALWAYS_SEARCH_USER_PATHS = NO;
				ASSETCATALOG_COMPILER_GENERATE_SWIFT_ASSET_SYMBOL_EXTENSIONS = YES;
				CLANG_ANALYZER_NONNULL = YES;
				CLANG_ANALYZER_NUMBER_OBJECT_CONVERSION = YES_AGGRESSIVE;
				CLANG_CXX_LANGUAGE_STANDARD = "gnu++20";
				CLANG_ENABLE_MODULES = YES;
				CLANG_ENABLE_OBJC_ARC = YES;
				CLANG_ENABLE_OBJC_WEAK = YES;
				CLANG_WARN_BLOCK_CAPTURE_AUTORELEASING = YES;
				CLANG_WARN_BOOL_CONVERSION = YES;
				CLANG_WARN_COMMA = YES;
				CLANG_WARN_CONSTANT_CONVERSION = YES;
				CLANG_WARN_DEPRECATED_OBJC_IMPLEMENTATIONS = YES;
				CLANG_WARN_DIRECT_OBJC_ISA_USAGE = YES_ERROR;
				CLANG_WARN_DOCUMENTATION_COMMENTS = YES;
				CLANG_WARN_EMPTY_BODY = YES;
				CLANG_WARN_ENUM_CONVERSION = YES;
				CLANG_WARN_INFINITE_RECURSION = YES;
				CLANG_WARN_INT_CONVERSION = YES;
				CLANG_WARN_NON_LITERAL_NULL_CONVERSION = YES;
				CLANG_WARN_OBJC_IMPLICIT_RETAIN_SELF = YES;
				CLANG_WARN_OBJC_LITERAL_CONVERSION = YES;
				CLANG_WARN_OBJC_ROOT_CLASS = YES_ERROR;
				CLANG_WARN_QUOTED_INCLUDE_IN_FRAMEWORK_HEADER = YES;
				CLANG_WARN_RANGE_LOOP_ANALYSIS = YES;
				CLANG_WARN_STRICT_PROTOTYPES = YES;
				CLANG_WARN_SUSPICIOUS_MOVE = YES;
				CLANG_WARN_UNGUARDED_AVAILABILITY = YES_AGGRESSIVE;
				CLANG_WARN_UNREACHABLE_CODE = YES;
				CLANG_WARN__DUPLICATE_METHOD_MATCH = YES;
				COPY_PHASE_STRIP = NO;
				DEBUG_INFORMATION_FORMAT = dwarf;
				ENABLE_STRICT_OBJC_MSGSEND = YES;
				ENABLE_TESTABILITY = YES;
				ENABLE_USER_SCRIPT_SANDBOXING = YES;
				GCC_C_LANGUAGE_STANDARD = gnu17;
				GCC_DYNAMIC_NO_PIC = NO;
				GCC_NO_COMMON_BLOCKS = YES;
				GCC_OPTIMIZATION_LEVEL = 0;
				GCC_PREPROCESSOR_DEFINITIONS = (
					"DEBUG=1",
					"$(inherited)",
				);
				GCC_WARN_64_TO_32_BIT_CONVERSION = YES;
				GCC_WARN_ABOUT_RETURN_TYPE = YES_ERROR;
				GCC_WARN_UNDECLARED_SELECTOR = YES;
				GCC_WARN_UNINITIALIZED_AUTOS = YES_AGGRESSIVE;
				GCC_WARN_UNUSED_FUNCTION = YES;
				GCC_WARN_UNUSED_VARIABLE = YES;
				IPHONEOS_DEPLOYMENT_TARGET = 17.4;
				LOCALIZATION_PREFERS_STRING_CATALOGS = YES;
				MTL_ENABLE_DEBUG_INFO = INCLUDE_SOURCE;
				MTL_FAST_MATH = YES;
				ONLY_ACTIVE_ARCH = YES;
				SDKROOT = iphoneos;
				SWIFT_ACTIVE_COMPILATION_CONDITIONS = "DEBUG $(inherited)";
				SWIFT_OPTIMIZATION_LEVEL = "-Onone";
			};
			name = Debug;
		};
		6A2069CA2C22A2940081FBCF /* Release */ = {
			isa = XCBuildConfiguration;
			buildSettings = {
				ALWAYS_SEARCH_USER_PATHS = NO;
				ASSETCATALOG_COMPILER_GENERATE_SWIFT_ASSET_SYMBOL_EXTENSIONS = YES;
				CLANG_ANALYZER_NONNULL = YES;
				CLANG_ANALYZER_NUMBER_OBJECT_CONVERSION = YES_AGGRESSIVE;
				CLANG_CXX_LANGUAGE_STANDARD = "gnu++20";
				CLANG_ENABLE_MODULES = YES;
				CLANG_ENABLE_OBJC_ARC = YES;
				CLANG_ENABLE_OBJC_WEAK = YES;
				CLANG_WARN_BLOCK_CAPTURE_AUTORELEASING = YES;
				CLANG_WARN_BOOL_CONVERSION = YES;
				CLANG_WARN_COMMA = YES;
				CLANG_WARN_CONSTANT_CONVERSION = YES;
				CLANG_WARN_DEPRECATED_OBJC_IMPLEMENTATIONS = YES;
				CLANG_WARN_DIRECT_OBJC_ISA_USAGE = YES_ERROR;
				CLANG_WARN_DOCUMENTATION_COMMENTS = YES;
				CLANG_WARN_EMPTY_BODY = YES;
				CLANG_WARN_ENUM_CONVERSION = YES;
				CLANG_WARN_INFINITE_RECURSION = YES;
				CLANG_WARN_INT_CONVERSION = YES;
				CLANG_WARN_NON_LITERAL_NULL_CONVERSION = YES;
				CLANG_WARN_OBJC_IMPLICIT_RETAIN_SELF = YES;
				CLANG_WARN_OBJC_LITERAL_CONVERSION = YES;
				CLANG_WARN_OBJC_ROOT_CLASS = YES_ERROR;
				CLANG_WARN_QUOTED_INCLUDE_IN_FRAMEWORK_HEADER = YES;
				CLANG_WARN_RANGE_LOOP_ANALYSIS = YES;
				CLANG_WARN_STRICT_PROTOTYPES = YES;
				CLANG_WARN_SUSPICIOUS_MOVE = YES;
				CLANG_WARN_UNGUARDED_AVAILABILITY = YES_AGGRESSIVE;
				CLANG_WARN_UNREACHABLE_CODE = YES;
				CLANG_WARN__DUPLICATE_METHOD_MATCH = YES;
				COPY_PHASE_STRIP = NO;
				DEBUG_INFORMATION_FORMAT = "dwarf-with-dsym";
				ENABLE_NS_ASSERTIONS = NO;
				ENABLE_STRICT_OBJC_MSGSEND = YES;
				ENABLE_USER_SCRIPT_SANDBOXING = YES;
				GCC_C_LANGUAGE_STANDARD = gnu17;
				GCC_NO_COMMON_BLOCKS = YES;
				GCC_WARN_64_TO_32_BIT_CONVERSION = YES;
				GCC_WARN_ABOUT_RETURN_TYPE = YES_ERROR;
				GCC_WARN_UNDECLARED_SELECTOR = YES;
				GCC_WARN_UNINITIALIZED_AUTOS = YES_AGGRESSIVE;
				GCC_WARN_UNUSED_FUNCTION = YES;
				GCC_WARN_UNUSED_VARIABLE = YES;
				IPHONEOS_DEPLOYMENT_TARGET = 17.4;
				LOCALIZATION_PREFERS_STRING_CATALOGS = YES;
				MTL_ENABLE_DEBUG_INFO = NO;
				MTL_FAST_MATH = YES;
				SDKROOT = iphoneos;
				SWIFT_COMPILATION_MODE = wholemodule;
				VALIDATE_PRODUCT = YES;
			};
			name = Release;
		};
		6A2069CC2C22A2940081FBCF /* Debug */ = {
			isa = XCBuildConfiguration;
			buildSettings = {
				ASSETCATALOG_COMPILER_APPICON_NAME = AppIcon;
				ASSETCATALOG_COMPILER_GLOBAL_ACCENT_COLOR_NAME = AccentColor;
				CODE_SIGN_STYLE = Automatic;
				CURRENT_PROJECT_VERSION = 1;
				DEVELOPMENT_TEAM = 84CY6V3X8V;
				GENERATE_INFOPLIST_FILE = YES;
				INFOPLIST_FILE = Inquisitive/Info.plist;
				INFOPLIST_KEY_UIApplicationSupportsIndirectInputEvents = YES;
				INFOPLIST_KEY_UILaunchStoryboardName = LaunchScreen;
				INFOPLIST_KEY_UIMainStoryboardFile = Main;
				INFOPLIST_KEY_UIStatusBarHidden = YES;
				INFOPLIST_KEY_UISupportedInterfaceOrientations_iPad = "UIInterfaceOrientationPortrait UIInterfaceOrientationPortraitUpsideDown UIInterfaceOrientationLandscapeLeft UIInterfaceOrientationLandscapeRight";
				INFOPLIST_KEY_UISupportedInterfaceOrientations_iPhone = "UIInterfaceOrientationPortrait UIInterfaceOrientationLandscapeLeft UIInterfaceOrientationLandscapeRight";
				IPHONEOS_DEPLOYMENT_TARGET = 17.4;
				LD_RUNPATH_SEARCH_PATHS = (
					"$(inherited)",
					"@executable_path/Frameworks",
				);
				MARKETING_VERSION = 1.0;
				PRODUCT_BUNDLE_IDENTIFIER = com.learn.Inquisitive;
				PRODUCT_NAME = "$(TARGET_NAME)";
				SWIFT_EMIT_LOC_STRINGS = YES;
				SWIFT_VERSION = 5.0;
				TARGETED_DEVICE_FAMILY = "1,2";
			};
			name = Debug;
		};
		6A2069CD2C22A2940081FBCF /* Release */ = {
			isa = XCBuildConfiguration;
			buildSettings = {
				ASSETCATALOG_COMPILER_APPICON_NAME = AppIcon;
				ASSETCATALOG_COMPILER_GLOBAL_ACCENT_COLOR_NAME = AccentColor;
				CODE_SIGN_STYLE = Automatic;
				CURRENT_PROJECT_VERSION = 1;
				DEVELOPMENT_TEAM = 84CY6V3X8V;
				GENERATE_INFOPLIST_FILE = YES;
				INFOPLIST_FILE = Inquisitive/Info.plist;
				INFOPLIST_KEY_UIApplicationSupportsIndirectInputEvents = YES;
				INFOPLIST_KEY_UILaunchStoryboardName = LaunchScreen;
				INFOPLIST_KEY_UIMainStoryboardFile = Main;
				INFOPLIST_KEY_UIStatusBarHidden = YES;
				INFOPLIST_KEY_UISupportedInterfaceOrientations_iPad = "UIInterfaceOrientationPortrait UIInterfaceOrientationPortraitUpsideDown UIInterfaceOrientationLandscapeLeft UIInterfaceOrientationLandscapeRight";
				INFOPLIST_KEY_UISupportedInterfaceOrientations_iPhone = "UIInterfaceOrientationPortrait UIInterfaceOrientationLandscapeLeft UIInterfaceOrientationLandscapeRight";
				IPHONEOS_DEPLOYMENT_TARGET = 17.4;
				LD_RUNPATH_SEARCH_PATHS = (
					"$(inherited)",
					"@executable_path/Frameworks",
				);
				MARKETING_VERSION = 1.0;
				PRODUCT_BUNDLE_IDENTIFIER = com.learn.Inquisitive;
				PRODUCT_NAME = "$(TARGET_NAME)";
				SWIFT_EMIT_LOC_STRINGS = YES;
				SWIFT_VERSION = 5.0;
				TARGETED_DEVICE_FAMILY = "1,2";
			};
			name = Release;
		};
/* End XCBuildConfiguration section */

/* Begin XCConfigurationList section */
		6A2069AF2C22A2930081FBCF /* Build configuration list for PBXProject "Inquisitive" */ = {
			isa = XCConfigurationList;
			buildConfigurations = (
				6A2069C92C22A2940081FBCF /* Debug */,
				6A2069CA2C22A2940081FBCF /* Release */,
			);
			defaultConfigurationIsVisible = 0;
			defaultConfigurationName = Release;
		};
		6A2069CB2C22A2940081FBCF /* Build configuration list for PBXNativeTarget "Inquisitive" */ = {
			isa = XCConfigurationList;
			buildConfigurations = (
				6A2069CC2C22A2940081FBCF /* Debug */,
				6A2069CD2C22A2940081FBCF /* Release */,
			);
			defaultConfigurationIsVisible = 0;
			defaultConfigurationName = Release;
		};
/* End XCConfigurationList section */

/* Begin XCRemoteSwiftPackageReference section */
		BFB25BE12C2442CF0066D6BE /* XCRemoteSwiftPackageReference "lottie-ios" */ = {
			isa = XCRemoteSwiftPackageReference;
			repositoryURL = "https://github.com/airbnb/lottie-ios.git";
			requirement = {
				kind = upToNextMajorVersion;
				minimumVersion = 4.4.3;
			};
		};
/* End XCRemoteSwiftPackageReference section */

/* Begin XCSwiftPackageProductDependency section */
		BFB25BE22C2442CF0066D6BE /* Lottie */ = {
			isa = XCSwiftPackageProductDependency;
			package = BFB25BE12C2442CF0066D6BE /* XCRemoteSwiftPackageReference "lottie-ios" */;
			productName = Lottie;
		};
/* End XCSwiftPackageProductDependency section */
	};
	rootObject = 6A2069AC2C22A2930081FBCF /* Project object */;
}
